
Microsoft Visual Studio Solution File, Format Version 12.00
# Visual Studio 14
VisualStudioVersion = 14.0.23107.0
MinimumVisualStudioVersion = 10.0.40219.1
Project("{8BC9CEB8-8B4A-11D0-8D11-00A0C91BC942}") = "Week_02", "Week_02\Week_02.vcxproj", "{101BF302-6CD2-4D98-A581-012FFD8D2A61}"
EndProject
Project("{8BC9CEB8-8B4A-11D0-8D11-00A0C91BC942}") = "Week_02_Account", "Week_02_Account\Week_02_Account.vcxproj", "{0459B476-1298-4585-B59B-39D211C16443}"
EndProject
Global
	GlobalSection(SolutionConfigurationPlatforms) = preSolution
		Debug|x64 = Debug|x64
		Debug|x86 = Debug|x86
		Release|x64 = Release|x64
		Release|x86 = Release|x86
	EndGlobalSection
	GlobalSection(ProjectConfigurationPlatforms) = postSolution
		{101BF302-6CD2-4D98-A581-012FFD8D2A61}.Debug|x64.ActiveCfg = Debug|x64
		{101BF302-6CD2-4D98-A581-012FFD8D2A61}.Debug|x64.Build.0 = Debug|x64
		{101BF302-6CD2-4D98-A581-012FFD8D2A61}.Debug|x86.ActiveCfg = Debug|Win32
		{101BF302-6CD2-4D98-A581-012FFD8D2A61}.Debug|x86.Build.0 = Debug|Win32
		{101BF302-6CD2-4D98-A581-012FFD8D2A61}.Release|x64.ActiveCfg = Release|x64
		{101BF302-6CD2-4D98-A581-012FFD8D2A61}.Release|x64.Build.0 = Release|x64
		{101BF302-6CD2-4D98-A581-012FFD8D2A61}.Release|x86.ActiveCfg = Release|Win32
		{101BF302-6CD2-4D98-A581-012FFD8D2A61}.Release|x86.Build.0 = Release|Win32
		{0459B476-1298-4585-B59B-39D211C16443}.Debug|x64.ActiveCfg = Debug|x64
		{0459B476-1298-4585-B59B-39D211C16443}.Debug|x64.Build.0 = Debug|x64
		{0459B476-1298-4585-B59B-39D211C16443}.Debug|x86.ActiveCfg = Debug|Win32
		{0459B476-1298-4585-B59B-39D211C16443}.Debug|x86.Build.0 = Debug|Win32
		{0459B476-1298-4585-B59B-39D211C16443}.Release|x64.ActiveCfg = Release|x64
		{0459B476-1298-4585-B59B-39D211C16443}.Release|x64.Build.0 = Release|x64
		{0459B476-1298-4585-B59B-39D211C16443}.Release|x86.ActiveCfg = Release|Win32
		{0459B476-1298-4585-B59B-39D211C16443}.Release|x86.Build.0 = Release|Win32
	EndGlobalSection
	GlobalSection(SolutionProperties) = preSolution
		HideSolutionNode = FALSE
	EndGlobalSection
EndGlobal
